<?xml version="1.0" encoding="utf-8"?>
<Project ToolsVersion="4.0" xmlns="http://schemas.microsoft.com/developer/msbuild/2003">
  <ItemGroup>
    <Filter Include="Source Files">
      <UniqueIdentifier>{4FC737F1-C7A5-4376-A066-2A32D752A2FF}</UniqueIdentifier>
      <Extensions>cpp;c;cc;cxx;def;odl;idl;hpj;bat;asm;asmx</Extensions>
    </Filter>
    <Filter Include="Header Files">
      <UniqueIdentifier>{93995380-89BD-4b04-88EB-625FBE52EBFB}</UniqueIdentifier>
      <Extensions>h;hpp;hxx;hm;inl;inc;xsd</Extensions>
    </Filter>
    <Filter Include="Resource Files">
      <UniqueIdentifier>{67DA6AB6-F800-4c08-8B7A-83BB121AAD01}</UniqueIdentifier>
      <Extensions>rc;ico;cur;bmp;dlg;rc2;rct;bin;rgs;gif;jpg;jpeg;jpe;resx;tiff;tif;png;wav;mfcribbon-ms</Extensions>
    </Filter>
    <Filter Include="Header Files\State">
      <UniqueIdentifier>{b73f09b4-1c7f-44a8-841c-48d5c412c14f}</UniqueIdentifier>
    </Filter>
    <Filter Include="Source Files\State">
      <UniqueIdentifier>{e36959e0-2bad-4773-8536-dd06de0b637d}</UniqueIdentifier>
    </Filter>
    <Filter Include="Source Files\State\StepIntro">
      <UniqueIdentifier>{f9305d36-91be-4891-98c7-55aaea673c79}</UniqueIdentifier>
    </Filter>
    <Filter Include="Header Files\State\StepIntro">
      <UniqueIdentifier>{a1f7c379-2c56-46c5-82f2-377e53005772}</UniqueIdentifier>
    </Filter>
  </ItemGroup>
  <ItemGroup>
    <ClCompile Include="Sources\main.cpp">
      <Filter>Source Files</Filter>
    </ClCompile>
    <ClCompile Include="Sources\Personnage.cpp">
      <Filter>Source Files</Filter>
    </ClCompile>
    <ClCompile Include="Sources\Renderer.cpp">
      <Filter>Source Files</Filter>
    </ClCompile>
    <ClCompile Include="Sources\Intro.cpp">
      <Filter>Source Files\State</Filter>
    </ClCompile>
    <ClCompile Include="Sources\Game.cpp">
      <Filter>Source Files\State</Filter>
    </ClCompile>
  </ItemGroup>
  <ItemGroup>
    <None Include="Sources\Personnage.hh">
      <Filter>Header Files</Filter>
    </None>
    <None Include="Sources\Renderer.hh">
      <Filter>Header Files</Filter>
    </None>
    <None Include="Sources\AState.hh">
      <Filter>Header Files\State</Filter>
    </None>
    <None Include="Sources\Intro.hh">
      <Filter>Header Files\State</Filter>
    </None>
    <None Include="Sources\Game.hh">
      <Filter>Header Files\State</Filter>
    </None>
  </ItemGroup>
  <ItemGroup>
    <ClInclude Include="Sources\Enums.h">
      <Filter>Header Files</Filter>
    </ClInclude>
    <ClInclude Include="Sources\Macros.h">
      <Filter>Header Files</Filter>
    </ClInclude>
    <ClInclude Include="Sources\Structures.h">
      <Filter>Header Files</Filter>
    </ClInclude>
  </ItemGroup>
</Project>